
Microsoft Visual Studio Solution File, Format Version 12.00
# Visual Studio Version 17
VisualStudioVersion = 17.2.32616.157
MinimumVisualStudioVersion = 10.0.40219.1
Project("{9A19103F-16F7-4668-BE54-9A1E7A4F7556}") = "SonicFrontiersCemtColorEditor", "SonicFrontiersCemtColorEditor\SonicFrontiersCemtColorEditor.csproj", "{11A93DB5-1D5F-4E0A-B4A0-0D7B4A1E6092}"
EndProject
Project("{9A19103F-16F7-4668-BE54-9A1E7A4F7556}") = "SF_CemtEffectEditor", "SF_CemtEffectEditor\SF_CemtEffectEditor.csproj", "{1C7BC494-65BC-489F-8664-53FE7F6D733A}"
EndProject
Global
	GlobalSection(SolutionConfigurationPlatforms) = preSolution
		Debug|Any CPU = Debug|Any CPU
		Release|Any CPU = Release|Any CPU
	EndGlobalSection
	GlobalSection(ProjectConfigurationPlatforms) = postSolution
		{11A93DB5-1D5F-4E0A-B4A0-0D7B4A1E6092}.Debug|Any CPU.ActiveCfg = Debug|Any CPU
		{11A93DB5-1D5F-4E0A-B4A0-0D7B4A1E6092}.Debug|Any CPU.Build.0 = Debug|Any CPU
		{11A93DB5-1D5F-4E0A-B4A0-0D7B4A1E6092}.Release|Any CPU.ActiveCfg = Release|Any CPU
		{11A93DB5-1D5F-4E0A-B4A0-0D7B4A1E6092}.Release|Any CPU.Build.0 = Release|Any CPU
		{1C7BC494-65BC-489F-8664-53FE7F6D733A}.Debug|Any CPU.ActiveCfg = Debug|Any CPU
		{1C7BC494-65BC-489F-8664-53FE7F6D733A}.Debug|Any CPU.Build.0 = Debug|Any CPU
		{1C7BC494-65BC-489F-8664-53FE7F6D733A}.Release|Any CPU.ActiveCfg = Release|Any CPU
		{1C7BC494-65BC-489F-8664-53FE7F6D733A}.Release|Any CPU.Build.0 = Release|Any CPU
	EndGlobalSection
	GlobalSection(SolutionProperties) = preSolution
		HideSolutionNode = FALSE
	EndGlobalSection
	GlobalSection(ExtensibilityGlobals) = postSolution
		SolutionGuid = {905B97EB-70A0-4B79-9566-B68DF3149B09}
	EndGlobalSection
EndGlobal
